
Microsoft Visual Studio Solution File, Format Version 12.00
# Visual Studio 14
VisualStudioVersion = 14.0.25123.0
MinimumVisualStudioVersion = 10.0.40219.1
Project("{FAE04EC0-301F-11D3-BF4B-00C04F79EFBC}") = "远程通信控制系统", "远程通信控制系统\远程通信控制系统.csproj", "{2CE47501-AD4C-42DE-B740-99A1890D1872}"
EndProject
Project("{FAE04EC0-301F-11D3-BF4B-00C04F79EFBC}") = "TcpTest", "TcpTest\TcpTest.csproj", "{68DCCC3F-1D8E-47AA-A6CF-89AB1B45CDCC}"
EndProject
Global
	GlobalSection(SolutionConfigurationPlatforms) = preSolution
		Debug|Any CPU = Debug|Any CPU
		Release|Any CPU = Release|Any CPU
	EndGlobalSection
	GlobalSection(ProjectConfigurationPlatforms) = postSolution
		{2CE47501-AD4C-42DE-B740-99A1890D1872}.Debug|Any CPU.ActiveCfg = Debug|Any CPU
		{2CE47501-AD4C-42DE-B740-99A1890D1872}.Debug|Any CPU.Build.0 = Debug|Any CPU
		{2CE47501-AD4C-42DE-B740-99A1890D1872}.Release|Any CPU.ActiveCfg = Release|Any CPU
		{2CE47501-AD4C-42DE-B740-99A1890D1872}.Release|Any CPU.Build.0 = Release|Any CPU
		{68DCCC3F-1D8E-47AA-A6CF-89AB1B45CDCC}.Debug|Any CPU.ActiveCfg = Debug|Any CPU
		{68DCCC3F-1D8E-47AA-A6CF-89AB1B45CDCC}.Debug|Any CPU.Build.0 = Debug|Any CPU
		{68DCCC3F-1D8E-47AA-A6CF-89AB1B45CDCC}.Release|Any CPU.ActiveCfg = Release|Any CPU
		{68DCCC3F-1D8E-47AA-A6CF-89AB1B45CDCC}.Release|Any CPU.Build.0 = Release|Any CPU
	EndGlobalSection
	GlobalSection(SolutionProperties) = preSolution
		HideSolutionNode = FALSE
	EndGlobalSection
EndGlobal
